
Microsoft Visual Studio Solution File, Format Version 12.00
# Visual Studio Version 16
VisualStudioVersion = 16.0.31005.135
MinimumVisualStudioVersion = 10.0.40219.1
Project("{9A19103F-16F7-4668-BE54-9A1E7A4F7556}") = "Analyzer", "Analyzer\Analyzer.csproj", "{9CF1BCAE-42F2-4A9C-AC04-6615462E2CEC}"
EndProject
Project("{9A19103F-16F7-4668-BE54-9A1E7A4F7556}") = "StockApis.Alphavantage", "StockApis.Alphavantage\StockApis.Alphavantage.csproj", "{D1EBAEB5-DD28-4ACC-944F-0F63BE96ECE3}"
EndProject
Project("{FAE04EC0-301F-11D3-BF4B-00C04F79EFBC}") = "Analyzer.Core", "Analyzer.Core\Analyzer.Core.csproj", "{277FA8A5-A762-47C7-BB77-D014FF717451}"
EndProject
Global
	GlobalSection(SolutionConfigurationPlatforms) = preSolution
		Debug|Any CPU = Debug|Any CPU
		Release|Any CPU = Release|Any CPU
	EndGlobalSection
	GlobalSection(ProjectConfigurationPlatforms) = postSolution
		{9CF1BCAE-42F2-4A9C-AC04-6615462E2CEC}.Debug|Any CPU.ActiveCfg = Debug|Any CPU
		{9CF1BCAE-42F2-4A9C-AC04-6615462E2CEC}.Debug|Any CPU.Build.0 = Debug|Any CPU
		{9CF1BCAE-42F2-4A9C-AC04-6615462E2CEC}.Release|Any CPU.ActiveCfg = Release|Any CPU
		{9CF1BCAE-42F2-4A9C-AC04-6615462E2CEC}.Release|Any CPU.Build.0 = Release|Any CPU
		{D1EBAEB5-DD28-4ACC-944F-0F63BE96ECE3}.Debug|Any CPU.ActiveCfg = Debug|Any CPU
		{D1EBAEB5-DD28-4ACC-944F-0F63BE96ECE3}.Debug|Any CPU.Build.0 = Debug|Any CPU
		{D1EBAEB5-DD28-4ACC-944F-0F63BE96ECE3}.Release|Any CPU.ActiveCfg = Release|Any CPU
		{D1EBAEB5-DD28-4ACC-944F-0F63BE96ECE3}.Release|Any CPU.Build.0 = Release|Any CPU
		{277FA8A5-A762-47C7-BB77-D014FF717451}.Debug|Any CPU.ActiveCfg = Debug|Any CPU
		{277FA8A5-A762-47C7-BB77-D014FF717451}.Debug|Any CPU.Build.0 = Debug|Any CPU
		{277FA8A5-A762-47C7-BB77-D014FF717451}.Release|Any CPU.ActiveCfg = Release|Any CPU
		{277FA8A5-A762-47C7-BB77-D014FF717451}.Release|Any CPU.Build.0 = Release|Any CPU
	EndGlobalSection
	GlobalSection(SolutionProperties) = preSolution
		HideSolutionNode = FALSE
	EndGlobalSection
	GlobalSection(ExtensibilityGlobals) = postSolution
		SolutionGuid = {AC8D74BD-C26E-49D1-886B-0587AF04895F}
	EndGlobalSection
EndGlobal
